
Microsoft Visual Studio Solution File, Format Version 12.00
# Visual Studio Version 17
VisualStudioVersion = 17.2.32427.441
MinimumVisualStudioVersion = 10.0.40219.1
Project("{FAE04EC0-301F-11D3-BF4B-00C04F79EFBC}") = "FunctionAppCRUD", "FunctionAppCRUD\FunctionAppCRUD.csproj", "{2581A462-7F19-44D9-A945-8F635B7AE584}"
EndProject
Project("{FAE04EC0-301F-11D3-BF4B-00C04F79EFBC}") = "FunctionAppCRUD.Core", "FunctionAppCRUD.Core\FunctionAppCRUD.Core.csproj", "{BE2D4FC9-04E6-4756-9B40-55696A6C4834}"
EndProject
Global
	GlobalSection(SolutionConfigurationPlatforms) = preSolution
		Debug|Any CPU = Debug|Any CPU
		Release|Any CPU = Release|Any CPU
	EndGlobalSection
	GlobalSection(ProjectConfigurationPlatforms) = postSolution
		{2581A462-7F19-44D9-A945-8F635B7AE584}.Debug|Any CPU.ActiveCfg = Debug|Any CPU
		{2581A462-7F19-44D9-A945-8F635B7AE584}.Debug|Any CPU.Build.0 = Debug|Any CPU
		{2581A462-7F19-44D9-A945-8F635B7AE584}.Release|Any CPU.ActiveCfg = Release|Any CPU
		{2581A462-7F19-44D9-A945-8F635B7AE584}.Release|Any CPU.Build.0 = Release|Any CPU
		{BE2D4FC9-04E6-4756-9B40-55696A6C4834}.Debug|Any CPU.ActiveCfg = Debug|Any CPU
		{BE2D4FC9-04E6-4756-9B40-55696A6C4834}.Debug|Any CPU.Build.0 = Debug|Any CPU
		{BE2D4FC9-04E6-4756-9B40-55696A6C4834}.Release|Any CPU.ActiveCfg = Release|Any CPU
		{BE2D4FC9-04E6-4756-9B40-55696A6C4834}.Release|Any CPU.Build.0 = Release|Any CPU
	EndGlobalSection
	GlobalSection(SolutionProperties) = preSolution
		HideSolutionNode = FALSE
	EndGlobalSection
	GlobalSection(ExtensibilityGlobals) = postSolution
		SolutionGuid = {B3F040E2-8454-4D8B-8611-E4A6B25BAC94}
	EndGlobalSection
EndGlobal
